
Microsoft Visual Studio Solution File, Format Version 12.00
# Visual Studio Version 17
VisualStudioVersion = 17.12.35527.113
MinimumVisualStudioVersion = 10.0.40219.1
Project("{FAE04EC0-301F-11D3-BF4B-00C04F79EFBC}") = "Billing.Core", "Billing.Core\Billing.Core.csproj", "{5AC243A0-E37B-4EEE-BF96-A279F6620761}"
EndProject
Project("{FAE04EC0-301F-11D3-BF4B-00C04F79EFBC}") = "Billing.Api", "Billing.Api\Billing.Api.csproj", "{0B85EE81-9749-41AD-9B31-F01421487EDD}"
EndProject
Project("{FAE04EC0-301F-11D3-BF4B-00C04F79EFBC}") = "Billing.Service", "Billing.Service\Billing.Service.csproj", "{896C194E-8349-42C1-99D1-4711DAECA53C}"
EndProject
Project("{2150E333-8FDC-42A3-9474-1A3956D46DE8}") = "Solution Items", "Solution Items", "{9CB28E5D-2344-4442-9D59-578D8CDD5826}"
	ProjectSection(SolutionItems) = preProject
		.editorconfig = .editorconfig
	EndProjectSection
EndProject
Project("{2150E333-8FDC-42A3-9474-1A3956D46DE8}") = "Tests", "Tests", "{DEDA8D8E-8391-465D-A5F9-39CF2646AE67}"
EndProject
Project("{FAE04EC0-301F-11D3-BF4B-00C04F79EFBC}") = "TestApp", "Tests\TestApp\TestApp.csproj", "{124F5648-7EC8-48D5-8C09-3349FA320803}"
EndProject
Project("{FAE04EC0-301F-11D3-BF4B-00C04F79EFBC}") = "Billing.Protobuf", "Billing.Protobuf\Billing.Protobuf.csproj", "{F37540F4-216C-4F01-948B-4B7C6015F235}"
EndProject
Project("{2150E333-8FDC-42A3-9474-1A3956D46DE8}") = "TestTools", "TestTools", "{47A26EDE-20B1-421A-AC1F-4F934590C221}"
EndProject
Project("{FAE04EC0-301F-11D3-BF4B-00C04F79EFBC}") = "Billing.Grpc.TestClient", "Billing.Grpc.TestClient\Billing.Grpc.TestClient.csproj", "{2BAAA81F-F42A-4EDE-BFFB-97E9EBAF7A57}"
EndProject
Global
	GlobalSection(SolutionConfigurationPlatforms) = preSolution
		Debug|Any CPU = Debug|Any CPU
		Release|Any CPU = Release|Any CPU
	EndGlobalSection
	GlobalSection(ProjectConfigurationPlatforms) = postSolution
		{5AC243A0-E37B-4EEE-BF96-A279F6620761}.Debug|Any CPU.ActiveCfg = Debug|Any CPU
		{5AC243A0-E37B-4EEE-BF96-A279F6620761}.Debug|Any CPU.Build.0 = Debug|Any CPU
		{5AC243A0-E37B-4EEE-BF96-A279F6620761}.Release|Any CPU.ActiveCfg = Release|Any CPU
		{5AC243A0-E37B-4EEE-BF96-A279F6620761}.Release|Any CPU.Build.0 = Release|Any CPU
		{0B85EE81-9749-41AD-9B31-F01421487EDD}.Debug|Any CPU.ActiveCfg = Debug|Any CPU
		{0B85EE81-9749-41AD-9B31-F01421487EDD}.Debug|Any CPU.Build.0 = Debug|Any CPU
		{0B85EE81-9749-41AD-9B31-F01421487EDD}.Release|Any CPU.ActiveCfg = Release|Any CPU
		{0B85EE81-9749-41AD-9B31-F01421487EDD}.Release|Any CPU.Build.0 = Release|Any CPU
		{896C194E-8349-42C1-99D1-4711DAECA53C}.Debug|Any CPU.ActiveCfg = Debug|Any CPU
		{896C194E-8349-42C1-99D1-4711DAECA53C}.Debug|Any CPU.Build.0 = Debug|Any CPU
		{896C194E-8349-42C1-99D1-4711DAECA53C}.Release|Any CPU.ActiveCfg = Release|Any CPU
		{896C194E-8349-42C1-99D1-4711DAECA53C}.Release|Any CPU.Build.0 = Release|Any CPU
		{124F5648-7EC8-48D5-8C09-3349FA320803}.Debug|Any CPU.ActiveCfg = Debug|Any CPU
		{124F5648-7EC8-48D5-8C09-3349FA320803}.Debug|Any CPU.Build.0 = Debug|Any CPU
		{124F5648-7EC8-48D5-8C09-3349FA320803}.Debug|Any CPU.Deploy.0 = Debug|Any CPU
		{124F5648-7EC8-48D5-8C09-3349FA320803}.Release|Any CPU.ActiveCfg = Release|Any CPU
		{124F5648-7EC8-48D5-8C09-3349FA320803}.Release|Any CPU.Build.0 = Release|Any CPU
		{124F5648-7EC8-48D5-8C09-3349FA320803}.Release|Any CPU.Deploy.0 = Release|Any CPU
		{F37540F4-216C-4F01-948B-4B7C6015F235}.Debug|Any CPU.ActiveCfg = Debug|Any CPU
		{F37540F4-216C-4F01-948B-4B7C6015F235}.Debug|Any CPU.Build.0 = Debug|Any CPU
		{F37540F4-216C-4F01-948B-4B7C6015F235}.Release|Any CPU.ActiveCfg = Release|Any CPU
		{F37540F4-216C-4F01-948B-4B7C6015F235}.Release|Any CPU.Build.0 = Release|Any CPU
		{2BAAA81F-F42A-4EDE-BFFB-97E9EBAF7A57}.Debug|Any CPU.ActiveCfg = Debug|Any CPU
		{2BAAA81F-F42A-4EDE-BFFB-97E9EBAF7A57}.Debug|Any CPU.Build.0 = Debug|Any CPU
		{2BAAA81F-F42A-4EDE-BFFB-97E9EBAF7A57}.Release|Any CPU.ActiveCfg = Release|Any CPU
		{2BAAA81F-F42A-4EDE-BFFB-97E9EBAF7A57}.Release|Any CPU.Build.0 = Release|Any CPU
	EndGlobalSection
	GlobalSection(SolutionProperties) = preSolution
		HideSolutionNode = FALSE
	EndGlobalSection
	GlobalSection(NestedProjects) = preSolution
		{124F5648-7EC8-48D5-8C09-3349FA320803} = {DEDA8D8E-8391-465D-A5F9-39CF2646AE67}
		{2BAAA81F-F42A-4EDE-BFFB-97E9EBAF7A57} = {47A26EDE-20B1-421A-AC1F-4F934590C221}
	EndGlobalSection
EndGlobal
